
Microsoft Visual Studio Solution File, Format Version 12.00
# Visual Studio 15
VisualStudioVersion = 15.0.27428.1
MinimumVisualStudioVersion = 10.0.40219.1
Project("{FAE04EC0-301F-11D3-BF4B-00C04F79EFBC}") = "HomeWork10", "HomeWork10\HomeWork10.csproj", "{E5D803CC-266B-457F-A9FE-74DEAC1CED0D}"
EndProject
Project("{FAE04EC0-301F-11D3-BF4B-00C04F79EFBC}") = "OrderOperation", "OrderOperation\OrderOperation.csproj", "{43693DFD-045F-43E1-93FB-91C0A21BD848}"
EndProject
Global
	GlobalSection(SolutionConfigurationPlatforms) = preSolution
		Debug|Any CPU = Debug|Any CPU
		Release|Any CPU = Release|Any CPU
	EndGlobalSection
	GlobalSection(ProjectConfigurationPlatforms) = postSolution
		{E5D803CC-266B-457F-A9FE-74DEAC1CED0D}.Debug|Any CPU.ActiveCfg = Debug|Any CPU
		{E5D803CC-266B-457F-A9FE-74DEAC1CED0D}.Debug|Any CPU.Build.0 = Debug|Any CPU
		{E5D803CC-266B-457F-A9FE-74DEAC1CED0D}.Release|Any CPU.ActiveCfg = Release|Any CPU
		{E5D803CC-266B-457F-A9FE-74DEAC1CED0D}.Release|Any CPU.Build.0 = Release|Any CPU
		{43693DFD-045F-43E1-93FB-91C0A21BD848}.Debug|Any CPU.ActiveCfg = Debug|Any CPU
		{43693DFD-045F-43E1-93FB-91C0A21BD848}.Debug|Any CPU.Build.0 = Debug|Any CPU
		{43693DFD-045F-43E1-93FB-91C0A21BD848}.Release|Any CPU.ActiveCfg = Release|Any CPU
		{43693DFD-045F-43E1-93FB-91C0A21BD848}.Release|Any CPU.Build.0 = Release|Any CPU
	EndGlobalSection
	GlobalSection(SolutionProperties) = preSolution
		HideSolutionNode = FALSE
	EndGlobalSection
	GlobalSection(ExtensibilityGlobals) = postSolution
		SolutionGuid = {BC2D4636-3111-44B8-9256-9B53501DB8EA}
	EndGlobalSection
EndGlobal
