
Microsoft Visual Studio Solution File, Format Version 12.00
# Visual Studio 15
VisualStudioVersion = 15.0.27428.1
MinimumVisualStudioVersion = 10.0.40219.1
Project("{FAE04EC0-301F-11D3-BF4B-00C04F79EFBC}") = "Program2", "homework2\Program2.csproj", "{2E9B578F-10D0-4DA2-97EA-0D896585BDA6}"
EndProject
Project("{FAE04EC0-301F-11D3-BF4B-00C04F79EFBC}") = "Program1", "Program1\Program1.csproj", "{FF70506E-4EA9-4FE6-97F6-323512E83CBD}"
EndProject
Project("{FAE04EC0-301F-11D3-BF4B-00C04F79EFBC}") = "Program3", "Program3\Program3.csproj", "{B85FCD53-FFA7-4127-86D2-87FF5BD2C9B6}"
EndProject
Global
	GlobalSection(SolutionConfigurationPlatforms) = preSolution
		Debug|Any CPU = Debug|Any CPU
		Release|Any CPU = Release|Any CPU
	EndGlobalSection
	GlobalSection(ProjectConfigurationPlatforms) = postSolution
		{2E9B578F-10D0-4DA2-97EA-0D896585BDA6}.Debug|Any CPU.ActiveCfg = Debug|Any CPU
		{2E9B578F-10D0-4DA2-97EA-0D896585BDA6}.Debug|Any CPU.Build.0 = Debug|Any CPU
		{2E9B578F-10D0-4DA2-97EA-0D896585BDA6}.Release|Any CPU.ActiveCfg = Release|Any CPU
		{2E9B578F-10D0-4DA2-97EA-0D896585BDA6}.Release|Any CPU.Build.0 = Release|Any CPU
		{FF70506E-4EA9-4FE6-97F6-323512E83CBD}.Debug|Any CPU.ActiveCfg = Debug|Any CPU
		{FF70506E-4EA9-4FE6-97F6-323512E83CBD}.Debug|Any CPU.Build.0 = Debug|Any CPU
		{FF70506E-4EA9-4FE6-97F6-323512E83CBD}.Release|Any CPU.ActiveCfg = Release|Any CPU
		{FF70506E-4EA9-4FE6-97F6-323512E83CBD}.Release|Any CPU.Build.0 = Release|Any CPU
		{B85FCD53-FFA7-4127-86D2-87FF5BD2C9B6}.Debug|Any CPU.ActiveCfg = Debug|Any CPU
		{B85FCD53-FFA7-4127-86D2-87FF5BD2C9B6}.Debug|Any CPU.Build.0 = Debug|Any CPU
		{B85FCD53-FFA7-4127-86D2-87FF5BD2C9B6}.Release|Any CPU.ActiveCfg = Release|Any CPU
		{B85FCD53-FFA7-4127-86D2-87FF5BD2C9B6}.Release|Any CPU.Build.0 = Release|Any CPU
	EndGlobalSection
	GlobalSection(SolutionProperties) = preSolution
		HideSolutionNode = FALSE
	EndGlobalSection
	GlobalSection(ExtensibilityGlobals) = postSolution
		SolutionGuid = {38074EAD-0227-46FE-ADE6-D3CD156A6ADF}
	EndGlobalSection
EndGlobal
